Microsoft Visual Studio Solution File, Format Version 12.00
# Visual Studio Version 17
VisualStudioVersion = 17.5.2.0
MinimumVisualStudioVersion = 10.0.40219.1
Project("{FAE04EC0-301F-11D3-BF4B-00C04F79EFBC}") = "maf03_azurechatcompletion_adapter", "maf03_azurechatcompletion_adapter.csproj", "{2C6C3255-93FF-E40E-270A-E0369A491D4F}"
EndProject
Global
	GlobalSection(SolutionConfigurationPlatforms) = preSolution
		Debug|Any CPU = Debug|Any CPU
		Release|Any CPU = Release|Any CPU
	EndGlobalSection
	GlobalSection(ProjectConfigurationPlatforms) = postSolution
		{2C6C3255-93FF-E40E-270A-E0369A491D4F}.Debug|Any CPU.ActiveCfg = Debug|Any CPU
		{2C6C3255-93FF-E40E-270A-E0369A491D4F}.Debug|Any CPU.Build.0 = Debug|Any CPU
		{2C6C3255-93FF-E40E-270A-E0369A491D4F}.Release|Any CPU.ActiveCfg = Release|Any CPU
		{2C6C3255-93FF-E40E-270A-E0369A491D4F}.Release|Any CPU.Build.0 = Release|Any CPU
	EndGlobalSection
	GlobalSection(SolutionProperties) = preSolution
		HideSolutionNode = FALSE
	EndGlobalSection
	GlobalSection(ExtensibilityGlobals) = postSolution
		SolutionGuid = {5917A48C-73C4-4BA0-9F54-599A386B5564}
	EndGlobalSection
EndGlobal
