Microsoft Visual Studio Solution File, Format Version 12.00
# Visual Studio Version 17
VisualStudioVersion = 17.5.2.0
MinimumVisualStudioVersion = 10.0.40219.1
Project("{FAE04EC0-301F-11D3-BF4B-00C04F79EFBC}") = "maf01_chatcompletion_adapter", "maf01_chatcompletion_adapter.csproj", "{713A0E89-BD56-67A3-9FAA-9D552D1D2339}"
EndProject
Global
	GlobalSection(SolutionConfigurationPlatforms) = preSolution
		Debug|Any CPU = Debug|Any CPU
		Release|Any CPU = Release|Any CPU
	EndGlobalSection
	GlobalSection(ProjectConfigurationPlatforms) = postSolution
		{713A0E89-BD56-67A3-9FAA-9D552D1D2339}.Debug|Any CPU.ActiveCfg = Debug|Any CPU
		{713A0E89-BD56-67A3-9FAA-9D552D1D2339}.Debug|Any CPU.Build.0 = Debug|Any CPU
		{713A0E89-BD56-67A3-9FAA-9D552D1D2339}.Release|Any CPU.ActiveCfg = Release|Any CPU
		{713A0E89-BD56-67A3-9FAA-9D552D1D2339}.Release|Any CPU.Build.0 = Release|Any CPU
	EndGlobalSection
	GlobalSection(SolutionProperties) = preSolution
		HideSolutionNode = FALSE
	EndGlobalSection
	GlobalSection(ExtensibilityGlobals) = postSolution
		SolutionGuid = {06152FC1-1D5B-4650-9C8E-E66ABE2F4B31}
	EndGlobalSection
EndGlobal
