Microsoft Visual Studio Solution File, Format Version 12.00
# Visual Studio Version 17
VisualStudioVersion = 17.5.2.0
MinimumVisualStudioVersion = 10.0.40219.1
Project("{FAE04EC0-301F-11D3-BF4B-00C04F79EFBC}") = "maf03_azurechatcompletion_complete", "maf03_azurechatcompletion_complete.csproj", "{0135A664-185D-829F-0B2E-41B2E93CC69E}"
EndProject
Global
	GlobalSection(SolutionConfigurationPlatforms) = preSolution
		Debug|Any CPU = Debug|Any CPU
		Release|Any CPU = Release|Any CPU
	EndGlobalSection
	GlobalSection(ProjectConfigurationPlatforms) = postSolution
		{0135A664-185D-829F-0B2E-41B2E93CC69E}.Debug|Any CPU.ActiveCfg = Debug|Any CPU
		{0135A664-185D-829F-0B2E-41B2E93CC69E}.Debug|Any CPU.Build.0 = Debug|Any CPU
		{0135A664-185D-829F-0B2E-41B2E93CC69E}.Release|Any CPU.ActiveCfg = Release|Any CPU
		{0135A664-185D-829F-0B2E-41B2E93CC69E}.Release|Any CPU.Build.0 = Release|Any CPU
	EndGlobalSection
	GlobalSection(SolutionProperties) = preSolution
		HideSolutionNode = FALSE
	EndGlobalSection
	GlobalSection(ExtensibilityGlobals) = postSolution
		SolutionGuid = {50AEAC2D-0EEC-4C6B-AAB1-8421C87ABF56}
	EndGlobalSection
EndGlobal
