Microsoft Visual Studio Solution File, Format Version 12.00
# Visual Studio Version 17
VisualStudioVersion = 17.5.2.0
MinimumVisualStudioVersion = 10.0.40219.1
Project("{FAE04EC0-301F-11D3-BF4B-00C04F79EFBC}") = "maf04_different_agents_orchestration", "maf04_different_agents_orchestration.csproj", "{D86CCD88-7D91-4AA4-C14D-322054E252E9}"
EndProject
Global
	GlobalSection(SolutionConfigurationPlatforms) = preSolution
		Debug|Any CPU = Debug|Any CPU
		Release|Any CPU = Release|Any CPU
	EndGlobalSection
	GlobalSection(ProjectConfigurationPlatforms) = postSolution
		{D86CCD88-7D91-4AA4-C14D-322054E252E9}.Debug|Any CPU.ActiveCfg = Debug|Any CPU
		{D86CCD88-7D91-4AA4-C14D-322054E252E9}.Debug|Any CPU.Build.0 = Debug|Any CPU
		{D86CCD88-7D91-4AA4-C14D-322054E252E9}.Release|Any CPU.ActiveCfg = Release|Any CPU
		{D86CCD88-7D91-4AA4-C14D-322054E252E9}.Release|Any CPU.Build.0 = Release|Any CPU
	EndGlobalSection
	GlobalSection(SolutionProperties) = preSolution
		HideSolutionNode = FALSE
	EndGlobalSection
	GlobalSection(ExtensibilityGlobals) = postSolution
		SolutionGuid = {C341240D-8242-470F-884C-D0FC6BADDF69}
	EndGlobalSection
EndGlobal
